PODS:
  - Alamofire (3.1.3)
  - SwiftyJSON (2.3.1)
  - Walhalla (0.1.0)

DEPENDENCIES:
  - Alamofire
  - SwiftyJSON
  - Walhalla

SPEC CHECKSUMS:
  Alamofire: 9f93b56389e48def9220dd57d1f44b1927229a5a
  SwiftyJSON: 592b53bee5ef3dd9b3bebc6b9cb7ee35426ae8c3
  Walhalla: 6d93769dec99c188bd4112f8cb1857dd2a874bc4

COCOAPODS: 0.39.0
