// !$*UTF8*$!
{
	archiveVersion = 1;
	classes = {
	};
	objectVersion = 46;
	objects = {

/* Begin PBXBuildFile section */
		27073E2C1C1FCED600D0F326 /* Utility.swift in Sources */ = {isa = PBXBuildFile; fileRef = 27073E2B1C1FCED600D0F326 /* Utility.swift */; };
		27284B5A1C2FDA4F00B2D2A4 /* Contents.json in Resources */ = {isa = PBXBuildFile; fileRef = 27284B391C2FDA4F00B2D2A4 /* Contents.json */; };
		27284B5B1C2FDA4F00B2D2A4 /* Icon-40.png in Resources */ = {isa = PBXBuildFile; fileRef = 27284B3A1C2FDA4F00B2D2A4 /* Icon-40.png */; };
		27284B5C1C2FDA4F00B2D2A4 /* Icon-40@2x.png in Resources */ = {isa = PBXBuildFile; fileRef = 27284B3B1C2FDA4F00B2D2A4 /* Icon-40@2x.png */; };
		27284B5D1C2FDA4F00B2D2A4 /* Icon-40@3x.png in Resources */ = {isa = PBXBuildFile; fileRef = 27284B3C1C2FDA4F00B2D2A4 /* Icon-40@3x.png */; };
		27284B5E1C2FDA4F00B2D2A4 /* Icon-60@2x.png in Resources */ = {isa = PBXBuildFile; fileRef = 27284B3D1C2FDA4F00B2D2A4 /* Icon-60@2x.png */; };
		27284B5F1C2FDA4F00B2D2A4 /* Icon-60@3x.png in Resources */ = {isa = PBXBuildFile; fileRef = 27284B3E1C2FDA4F00B2D2A4 /* Icon-60@3x.png */; };
		27284B601C2FDA4F00B2D2A4 /* Icon-76.png in Resources */ = {isa = PBXBuildFile; fileRef = 27284B3F1C2FDA4F00B2D2A4 /* Icon-76.png */; };
		27284B611C2FDA4F00B2D2A4 /* Icon-76@2x.png in Resources */ = {isa = PBXBuildFile; fileRef = 27284B401C2FDA4F00B2D2A4 /* Icon-76@2x.png */; };
		27284B621C2FDA4F00B2D2A4 /* Icon-83.5@2x.png in Resources */ = {isa = PBXBuildFile; fileRef = 27284B411C2FDA4F00B2D2A4 /* Icon-83.5@2x.png */; };
		27284B631C2FDA4F00B2D2A4 /* Icon-Small.png in Resources */ = {isa = PBXBuildFile; fileRef = 27284B421C2FDA4F00B2D2A4 /* Icon-Small.png */; };
		27284B641C2FDA4F00B2D2A4 /* Icon-Small@2x.png in Resources */ = {isa = PBXBuildFile; fileRef = 27284B431C2FDA4F00B2D2A4 /* Icon-Small@2x.png */; };
		27284B651C2FDA4F00B2D2A4 /* Icon-Small@3x.png in Resources */ = {isa = PBXBuildFile; fileRef = 27284B441C2FDA4F00B2D2A4 /* Icon-Small@3x.png */; };
		27284B661C2FDA4F00B2D2A4 /* Icon-60.png in Resources */ = {isa = PBXBuildFile; fileRef = 27284B451C2FDA4F00B2D2A4 /* Icon-60.png */; };
		27284B671C2FDA4F00B2D2A4 /* Icon-72.png in Resources */ = {isa = PBXBuildFile; fileRef = 27284B461C2FDA4F00B2D2A4 /* Icon-72.png */; };
		27284B681C2FDA4F00B2D2A4 /* Icon-72@2x.png in Resources */ = {isa = PBXBuildFile; fileRef = 27284B471C2FDA4F00B2D2A4 /* Icon-72@2x.png */; };
		27284B691C2FDA4F00B2D2A4 /* Icon-Small-50.png in Resources */ = {isa = PBXBuildFile; fileRef = 27284B481C2FDA4F00B2D2A4 /* Icon-Small-50.png */; };
		27284B6A1C2FDA4F00B2D2A4 /* Icon-Small-50@2x.png in Resources */ = {isa = PBXBuildFile; fileRef = 27284B491C2FDA4F00B2D2A4 /* Icon-Small-50@2x.png */; };
		27284B6B1C2FDA4F00B2D2A4 /* Icon.png in Resources */ = {isa = PBXBuildFile; fileRef = 27284B4A1C2FDA4F00B2D2A4 /* Icon.png */; };
		27284B6C1C2FDA4F00B2D2A4 /* Icon@2x.png in Resources */ = {isa = PBXBuildFile; fileRef = 27284B4B1C2FDA4F00B2D2A4 /* Icon@2x.png */; };
		27284B6D1C2FDA4F00B2D2A4 /* iTunesArtwork.png in Resources */ = {isa = PBXBuildFile; fileRef = 27284B4C1C2FDA4F00B2D2A4 /* iTunesArtwork.png */; };
		27284B6E1C2FDA4F00B2D2A4 /* iTunesArtwork@2x.png in Resources */ = {isa = PBXBuildFile; fileRef = 27284B4D1C2FDA4F00B2D2A4 /* iTunesArtwork@2x.png */; };
		27284B6F1C2FDA4F00B2D2A4 /* README.md in Sources */ = {isa = PBXBuildFile; fileRef = 27284B4E1C2FDA4F00B2D2A4 /* README.md */; };
		27284B701C2FDA4F00B2D2A4 /* Contents.json in Resources */ = {isa = PBXBuildFile; fileRef = 27284B511C2FDA4F00B2D2A4 /* Contents.json */; };
		27284B711C2FDA4F00B2D2A4 /* Icon-24@2x.png in Resources */ = {isa = PBXBuildFile; fileRef = 27284B521C2FDA4F00B2D2A4 /* Icon-24@2x.png */; };
		27284B721C2FDA4F00B2D2A4 /* Icon-27.5@2x.png in Resources */ = {isa = PBXBuildFile; fileRef = 27284B531C2FDA4F00B2D2A4 /* Icon-27.5@2x.png */; };
		27284B731C2FDA4F00B2D2A4 /* Icon-29@2x.png in Resources */ = {isa = PBXBuildFile; fileRef = 27284B541C2FDA4F00B2D2A4 /* Icon-29@2x.png */; };
		27284B741C2FDA4F00B2D2A4 /* Icon-29@3x.png in Resources */ = {isa = PBXBuildFile; fileRef = 27284B551C2FDA4F00B2D2A4 /* Icon-29@3x.png */; };
		27284B751C2FDA4F00B2D2A4 /* Icon-40@2x.png in Resources */ = {isa = PBXBuildFile; fileRef = 27284B561C2FDA4F00B2D2A4 /* Icon-40@2x.png */; };
		27284B761C2FDA4F00B2D2A4 /* Icon-44@2x.png in Resources */ = {isa = PBXBuildFile; fileRef = 27284B571C2FDA4F00B2D2A4 /* Icon-44@2x.png */; };
		27284B771C2FDA4F00B2D2A4 /* Icon-86@2x.png in Resources */ = {isa = PBXBuildFile; fileRef = 27284B581C2FDA4F00B2D2A4 /* Icon-86@2x.png */; };
		27284B781C2FDA4F00B2D2A4 /* Icon-98@2x.png in Resources */ = {isa = PBXBuildFile; fileRef = 27284B591C2FDA4F00B2D2A4 /* Icon-98@2x.png */; };
		27284B7A1C2FDEF900B2D2A4 /* GoodWeather.png in Resources */ = {isa = PBXBuildFile; fileRef = 27284B791C2FDEF900B2D2A4 /* GoodWeather.png */; };
		2750A54E1C14177C00D17291 /* ModelManager.swift in Sources */ = {isa = PBXBuildFile; fileRef = 2750A54D1C14177C00D17291 /* ModelManager.swift */; };
		2750A5501C141F3800D17291 /* DailyWeather.swift in Sources */ = {isa = PBXBuildFile; fileRef = 2750A54F1C141F3800D17291 /* DailyWeather.swift */; };
		27532E591C12E38A00F10330 /* AppDelegate.swift in Sources */ = {isa = PBXBuildFile; fileRef = 27532E551C12E38A00F10330 /* AppDelegate.swift */; };
		27532E5A1C12E38A00F10330 /* ViewController.swift in Sources */ = {isa = PBXBuildFile; fileRef = 27532E561C12E38A00F10330 /* ViewController.swift */; };
		27532E5C1C12E3CC00F10330 /* Weather.swift in Sources */ = {isa = PBXBuildFile; fileRef = 27532E5B1C12E3CC00F10330 /* Weather.swift */; };
		27532E5F1C12E63B00F10330 /* Const.swift in Sources */ = {isa = PBXBuildFile; fileRef = 27532E5E1C12E63B00F10330 /* Const.swift */; };
		27532E611C12E6AE00F10330 /* APIClient.swift in Sources */ = {isa = PBXBuildFile; fileRef = 27532E601C12E6AE00F10330 /* APIClient.swift */; };
		275F2CD51C12CE2A00F8BE2F /* Main.storyboard in Resources */ = {isa = PBXBuildFile; fileRef = 275F2CD31C12CE2A00F8BE2F /* Main.storyboard */; };
		275F2CD71C12CE2A00F8BE2F /* Assets.xcassets in Resources */ = {isa = PBXBuildFile; fileRef = 275F2CD61C12CE2A00F8BE2F /* Assets.xcassets */; };
		275F2CDA1C12CE2A00F8BE2F /* LaunchScreen.storyboard in Resources */ = {isa = PBXBuildFile; fileRef = 275F2CD81C12CE2A00F8BE2F /* LaunchScreen.storyboard */; };
		278FA90B1C2C63CE005474A0 /* SettingsViewController.swift in Sources */ = {isa = PBXBuildFile; fileRef = 278FA90A1C2C63CE005474A0 /* SettingsViewController.swift */; };
		27D6C9CF1C19EBC80033BCC0 /* DailyWeatherTableViewCell.swift in Sources */ = {isa = PBXBuildFile; fileRef = 27D6C9CE1C19EBC80033BCC0 /* DailyWeatherTableViewCell.swift */; };
		8CF795B7ACD98FC5001EF970 /* Pods_GoodWeather.framework in Frameworks */ = {isa = PBXBuildFile; fileRef = C012A75D309E82CEEA1010D0 /* Pods_GoodWeather.framework */; };
/* End PBXBuildFile section */

/* Begin PBXFileReference section */
		27073E2B1C1FCED600D0F326 /* Utility.swift */ = {isa = PBXFileReference; fileEncoding = 4; lastKnownFileType = sourcecode.swift; name = Utility.swift; path = Utility/Utility.swift; sourceTree = "<group>"; };
		27284B391C2FDA4F00B2D2A4 /* Contents.json */ = {isa = PBXFileReference; fileEncoding = 4; lastKnownFileType = text.json; path = Contents.json; sourceTree = "<group>"; };
		27284B3A1C2FDA4F00B2D2A4 /* Icon-40.png */ = {isa = PBXFileReference; lastKnownFileType = image.png; path = "Icon-40.png"; sourceTree = "<group>"; };
		27284B3B1C2FDA4F00B2D2A4 /* Icon-40@2x.png */ = {isa = PBXFileReference; lastKnownFileType = image.png; path = "Icon-40@2x.png"; sourceTree = "<group>"; };
		27284B3C1C2FDA4F00B2D2A4 /* Icon-40@3x.png */ = {isa = PBXFileReference; lastKnownFileType = image.png; path = "Icon-40@3x.png"; sourceTree = "<group>"; };
		27284B3D1C2FDA4F00B2D2A4 /* Icon-60@2x.png */ = {isa = PBXFileReference; lastKnownFileType = image.png; path = "Icon-60@2x.png"; sourceTree = "<group>"; };
		27284B3E1C2FDA4F00B2D2A4 /* Icon-60@3x.png */ = {isa = PBXFileReference; lastKnownFileType = image.png; path = "Icon-60@3x.png"; sourceTree = "<group>"; };
		27284B3F1C2FDA4F00B2D2A4 /* Icon-76.png */ = {isa = PBXFileReference; lastKnownFileType = image.png; path = "Icon-76.png"; sourceTree = "<group>"; };
		27284B401C2FDA4F00B2D2A4 /* Icon-76@2x.png */ = {isa = PBXFileReference; lastKnownFileType = image.png; path = "Icon-76@2x.png"; sourceTree = "<group>"; };
		27284B411C2FDA4F00B2D2A4 /* Icon-83.5@2x.png */ = {isa = PBXFileReference; lastKnownFileType = image.png; path = "Icon-83.5@2x.png"; sourceTree = "<group>"; };
		27284B421C2FDA4F00B2D2A4 /* Icon-Small.png */ = {isa = PBXFileReference; lastKnownFileType = image.png; path = "Icon-Small.png"; sourceTree = "<group>"; };
		27284B431C2FDA4F00B2D2A4 /* Icon-Small@2x.png */ = {isa = PBXFileReference; lastKnownFileType = image.png; path = "Icon-Small@2x.png"; sourceTree = "<group>"; };
		27284B441C2FDA4F00B2D2A4 /* Icon-Small@3x.png */ = {isa = PBXFileReference; lastKnownFileType = image.png; path = "Icon-Small@3x.png"; sourceTree = "<group>"; };
		27284B451C2FDA4F00B2D2A4 /* Icon-60.png */ = {isa = PBXFileReference; lastKnownFileType = image.png; path = "Icon-60.png"; sourceTree = "<group>"; };
		27284B461C2FDA4F00B2D2A4 /* Icon-72.png */ = {isa = PBXFileReference; lastKnownFileType = image.png; path = "Icon-72.png"; sourceTree = "<group>"; };
		27284B471C2FDA4F00B2D2A4 /* Icon-72@2x.png */ = {isa = PBXFileReference; lastKnownFileType = image.png; path = "Icon-72@2x.png"; sourceTree = "<group>"; };
		27284B481C2FDA4F00B2D2A4 /* Icon-Small-50.png */ = {isa = PBXFileReference; lastKnownFileType = image.png; path = "Icon-Small-50.png"; sourceTree = "<group>"; };
		27284B491C2FDA4F00B2D2A4 /* Icon-Small-50@2x.png */ = {isa = PBXFileReference; lastKnownFileType = image.png; path = "Icon-Small-50@2x.png"; sourceTree = "<group>"; };
		27284B4A1C2FDA4F00B2D2A4 /* Icon.png */ = {isa = PBXFileReference; lastKnownFileType = image.png; path = Icon.png; sourceTree = "<group>"; };
		27284B4B1C2FDA4F00B2D2A4 /* Icon@2x.png */ = {isa = PBXFileReference; lastKnownFileType = image.png; path = "Icon@2x.png"; sourceTree = "<group>"; };
		27284B4C1C2FDA4F00B2D2A4 /* iTunesArtwork.png */ = {isa = PBXFileReference; lastKnownFileType = image.png; path = iTunesArtwork.png; sourceTree = "<group>"; };
		27284B4D1C2FDA4F00B2D2A4 /* iTunesArtwork@2x.png */ = {isa = PBXFileReference; lastKnownFileType = image.png; path = "iTunesArtwork@2x.png"; sourceTree = "<group>"; };
		27284B4E1C2FDA4F00B2D2A4 /* README.md */ = {isa = PBXFileReference; fileEncoding = 4; lastKnownFileType = net.daringfireball.markdown; path = README.md; sourceTree = "<group>"; };
		27284B511C2FDA4F00B2D2A4 /* Contents.json */ = {isa = PBXFileReference; fileEncoding = 4; lastKnownFileType = text.json; path = Contents.json; sourceTree = "<group>"; };
		27284B521C2FDA4F00B2D2A4 /* Icon-24@2x.png */ = {isa = PBXFileReference; lastKnownFileType = image.png; path = "Icon-24@2x.png"; sourceTree = "<group>"; };
		27284B531C2FDA4F00B2D2A4 /* Icon-27.5@2x.png */ = {isa = PBXFileReference; lastKnownFileType = image.png; path = "Icon-27.5@2x.png"; sourceTree = "<group>"; };
		27284B541C2FDA4F00B2D2A4 /* Icon-29@2x.png */ = {isa = PBXFileReference; lastKnownFileType = image.png; path = "Icon-29@2x.png"; sourceTree = "<group>"; };
		27284B551C2FDA4F00B2D2A4 /* Icon-29@3x.png */ = {isa = PBXFileReference; lastKnownFileType = image.png; path = "Icon-29@3x.png"; sourceTree = "<group>"; };
		27284B561C2FDA4F00B2D2A4 /* Icon-40@2x.png */ = {isa = PBXFileReference; lastKnownFileType = image.png; path = "Icon-40@2x.png"; sourceTree = "<group>"; };
		27284B571C2FDA4F00B2D2A4 /* Icon-44@2x.png */ = {isa = PBXFileReference; lastKnownFileType = image.png; path = "Icon-44@2x.png"; sourceTree = "<group>"; };
		27284B581C2FDA4F00B2D2A4 /* Icon-86@2x.png */ = {isa = PBXFileReference; lastKnownFileType = image.png; path = "Icon-86@2x.png"; sourceTree = "<group>"; };
		27284B591C2FDA4F00B2D2A4 /* Icon-98@2x.png */ = {isa = PBXFileReference; lastKnownFileType = image.png; path = "Icon-98@2x.png"; sourceTree = "<group>"; };
		27284B791C2FDEF900B2D2A4 /* GoodWeather.png */ = {isa = PBXFileReference; lastKnownFileType = image.png; path = GoodWeather.png; sourceTree = "<group>"; };
		2750A54D1C14177C00D17291 /* ModelManager.swift */ = {isa = PBXFileReference; fileEncoding = 4; lastKnownFileType = sourcecode.swift; path = ModelManager.swift; sourceTree = "<group>"; };
		2750A54F1C141F3800D17291 /* DailyWeather.swift */ = {isa = PBXFileReference; fileEncoding = 4; lastKnownFileType = sourcecode.swift; path = DailyWeather.swift; sourceTree = "<group>"; };
		27532E551C12E38A00F10330 /* AppDelegate.swift */ = {isa = PBXFileReference; fileEncoding = 4; lastKnownFileType = sourcecode.swift; path = AppDelegate.swift; sourceTree = "<group>"; };
		27532E561C12E38A00F10330 /* ViewController.swift */ = {isa = PBXFileReference; fileEncoding = 4; lastKnownFileType = sourcecode.swift; path = ViewController.swift; sourceTree = "<group>"; };
		27532E5B1C12E3CC00F10330 /* Weather.swift */ = {isa = PBXFileReference; fileEncoding = 4; lastKnownFileType = sourcecode.swift; path = Weather.swift; sourceTree = "<group>"; };
		27532E5E1C12E63B00F10330 /* Const.swift */ = {isa = PBXFileReference; fileEncoding = 4; lastKnownFileType = sourcecode.swift; name = Const.swift; path = Utility/Const.swift; sourceTree = "<group>"; };
		27532E601C12E6AE00F10330 /* APIClient.swift */ = {isa = PBXFileReference; fileEncoding = 4; lastKnownFileType = sourcecode.swift; name = APIClient.swift; path = Utility/APIClient.swift; sourceTree = "<group>"; };
		275F2CCC1C12CE2A00F8BE2F /* GoodWeather.app */ = {isa = PBXFileReference; explicitFileType = wrapper.application; includeInIndex = 0; path = GoodWeather.app; sourceTree = BUILT_PRODUCTS_DIR; };
		275F2CD41C12CE2A00F8BE2F /* Base */ = {isa = PBXFileReference; lastKnownFileType = file.storyboard; name = Base; path = Base.lproj/Main.storyboard; sourceTree = "<group>"; };
		275F2CD61C12CE2A00F8BE2F /* Assets.xcassets */ = {isa = PBXFileReference; lastKnownFileType = folder.assetcatalog; path = Assets.xcassets; sourceTree = "<group>"; };
		275F2CD91C12CE2A00F8BE2F /* Base */ = {isa = PBXFileReference; lastKnownFileType = file.storyboard; name = Base; path = Base.lproj/LaunchScreen.storyboard; sourceTree = "<group>"; };
		275F2CDB1C12CE2A00F8BE2F /* Info.plist */ = {isa = PBXFileReference; lastKnownFileType = text.plist.xml; path = Info.plist; sourceTree = "<group>"; };
		278FA90A1C2C63CE005474A0 /* SettingsViewController.swift */ = {isa = PBXFileReference; fileEncoding = 4; lastKnownFileType = sourcecode.swift; path = SettingsViewController.swift; sourceTree = "<group>"; };
		27D6C9CE1C19EBC80033BCC0 /* DailyWeatherTableViewCell.swift */ = {isa = PBXFileReference; fileEncoding = 4; lastKnownFileType = sourcecode.swift; path = DailyWeatherTableViewCell.swift; sourceTree = "<group>"; };
		2A3EFC1561E5E16F6174C314 /* Pods-GoodWeather.debug.xcconfig */ = {isa = PBXFileReference; includeInIndex = 1; lastKnownFileType = text.xcconfig; name = "Pods-GoodWeather.debug.xcconfig"; path = "Pods/Target Support Files/Pods-GoodWeather/Pods-GoodWeather.debug.xcconfig"; sourceTree = "<group>"; };
		C012A75D309E82CEEA1010D0 /* Pods_GoodWeather.framework */ = {isa = PBXFileReference; explicitFileType = wrapper.framework; includeInIndex = 0; path = Pods_GoodWeather.framework; sourceTree = BUILT_PRODUCTS_DIR; };
		E126047CF6894073AB5448D0 /* Pods-GoodWeather.release.xcconfig */ = {isa = PBXFileReference; includeInIndex = 1; lastKnownFileType = text.xcconfig; name = "Pods-GoodWeather.release.xcconfig"; path = "Pods/Target Support Files/Pods-GoodWeather/Pods-GoodWeather.release.xcconfig"; sourceTree = "<group>"; };
/* End PBXFileReference section */

/* Begin PBXFrameworksBuildPhase section */
		275F2CC91C12CE2A00F8BE2F /* Frameworks */ = {
			isa = PBXFrameworksBuildPhase;
			buildActionMask = 2147483647;
			files = (
				8CF795B7ACD98FC5001EF970 /* Pods_GoodWeather.framework in Frameworks */,
			);
			runOnlyForDeploymentPostprocessing = 0;
		};
/* End PBXFrameworksBuildPhase section */

/* Begin PBXGroup section */
		27284B361C2FDA4F00B2D2A4 /* Resources */ = {
			isa = PBXGroup;
			children = (
				27284B791C2FDEF900B2D2A4 /* GoodWeather.png */,
				27284B371C2FDA4F00B2D2A4 /* ios */,
				27284B4F1C2FDA4F00B2D2A4 /* watchkit */,
			);
			path = Resources;
			sourceTree = "<group>";
		};
		27284B371C2FDA4F00B2D2A4 /* ios */ = {
			isa = PBXGroup;
			children = (
				27284B381C2FDA4F00B2D2A4 /* AppIcon.appiconset */,
				27284B451C2FDA4F00B2D2A4 /* Icon-60.png */,
				27284B461C2FDA4F00B2D2A4 /* Icon-72.png */,
				27284B471C2FDA4F00B2D2A4 /* Icon-72@2x.png */,
				27284B481C2FDA4F00B2D2A4 /* Icon-Small-50.png */,
				27284B491C2FDA4F00B2D2A4 /* Icon-Small-50@2x.png */,
				27284B4A1C2FDA4F00B2D2A4 /* Icon.png */,
				27284B4B1C2FDA4F00B2D2A4 /* Icon@2x.png */,
				27284B4C1C2FDA4F00B2D2A4 /* iTunesArtwork.png */,
				27284B4D1C2FDA4F00B2D2A4 /* iTunesArtwork@2x.png */,
				27284B4E1C2FDA4F00B2D2A4 /* README.md */,
			);
			path = ios;
			sourceTree = "<group>";
		};
		27284B381C2FDA4F00B2D2A4 /* AppIcon.appiconset */ = {
			isa = PBXGroup;
			children = (
				27284B391C2FDA4F00B2D2A4 /* Contents.json */,
				27284B3A1C2FDA4F00B2D2A4 /* Icon-40.png */,
				27284B3B1C2FDA4F00B2D2A4 /* Icon-40@2x.png */,
				27284B3C1C2FDA4F00B2D2A4 /* Icon-40@3x.png */,
				27284B3D1C2FDA4F00B2D2A4 /* Icon-60@2x.png */,
				27284B3E1C2FDA4F00B2D2A4 /* Icon-60@3x.png */,
				27284B3F1C2FDA4F00B2D2A4 /* Icon-76.png */,
				27284B401C2FDA4F00B2D2A4 /* Icon-76@2x.png */,
				27284B411C2FDA4F00B2D2A4 /* Icon-83.5@2x.png */,
				27284B421C2FDA4F00B2D2A4 /* Icon-Small.png */,
				27284B431C2FDA4F00B2D2A4 /* Icon-Small@2x.png */,
				27284B441C2FDA4F00B2D2A4 /* Icon-Small@3x.png */,
			);
			path = AppIcon.appiconset;
			sourceTree = "<group>";
		};
		27284B4F1C2FDA4F00B2D2A4 /* watchkit */ = {
			isa = PBXGroup;
			children = (
				27284B501C2FDA4F00B2D2A4 /* AppIcon.appiconset */,
			);
			path = watchkit;
			sourceTree = "<group>";
		};
		27284B501C2FDA4F00B2D2A4 /* AppIcon.appiconset */ = {
			isa = PBXGroup;
			children = (
				27284B511C2FDA4F00B2D2A4 /* Contents.json */,
				27284B521C2FDA4F00B2D2A4 /* Icon-24@2x.png */,
				27284B531C2FDA4F00B2D2A4 /* Icon-27.5@2x.png */,
				27284B541C2FDA4F00B2D2A4 /* Icon-29@2x.png */,
				27284B551C2FDA4F00B2D2A4 /* Icon-29@3x.png */,
				27284B561C2FDA4F00B2D2A4 /* Icon-40@2x.png */,
				27284B571C2FDA4F00B2D2A4 /* Icon-44@2x.png */,
				27284B581C2FDA4F00B2D2A4 /* Icon-86@2x.png */,
				27284B591C2FDA4F00B2D2A4 /* Icon-98@2x.png */,
			);
			path = AppIcon.appiconset;
			sourceTree = "<group>";
		};
		27532E531C12E38A00F10330 /* Classes */ = {
			isa = PBXGroup;
			children = (
				27532E5D1C12E60F00F10330 /* Utility */,
				27532E541C12E38A00F10330 /* Controller */,
				27532E571C12E38A00F10330 /* Model */,
				27532E581C12E38A00F10330 /* View */,
			);
			path = Classes;
			sourceTree = "<group>";
		};
		27532E541C12E38A00F10330 /* Controller */ = {
			isa = PBXGroup;
			children = (
				27532E551C12E38A00F10330 /* AppDelegate.swift */,
				27532E561C12E38A00F10330 /* ViewController.swift */,
				278FA90A1C2C63CE005474A0 /* SettingsViewController.swift */,
			);
			path = Controller;
			sourceTree = "<group>";
		};
		27532E571C12E38A00F10330 /* Model */ = {
			isa = PBXGroup;
			children = (
				27532E5B1C12E3CC00F10330 /* Weather.swift */,
				2750A54D1C14177C00D17291 /* ModelManager.swift */,
				2750A54F1C141F3800D17291 /* DailyWeather.swift */,
			);
			path = Model;
			sourceTree = "<group>";
		};
		27532E581C12E38A00F10330 /* View */ = {
			isa = PBXGroup;
			children = (
				27D6C9CE1C19EBC80033BCC0 /* DailyWeatherTableViewCell.swift */,
			);
			path = View;
			sourceTree = "<group>";
		};
		27532E5D1C12E60F00F10330 /* Utility */ = {
			isa = PBXGroup;
			children = (
				27532E5E1C12E63B00F10330 /* Const.swift */,
				27532E601C12E6AE00F10330 /* APIClient.swift */,
				27073E2B1C1FCED600D0F326 /* Utility.swift */,
			);
			name = Utility;
			sourceTree = "<group>";
		};
		275F2CC31C12CE2A00F8BE2F = {
			isa = PBXGroup;
			children = (
				275F2CCE1C12CE2A00F8BE2F /* GoodWeather */,
				275F2CCD1C12CE2A00F8BE2F /* Products */,
				B9C6B133928B541B67D2335F /* Pods */,
				A63E1281B78777CE44C5144E /* Frameworks */,
			);
			sourceTree = "<group>";
		};
		275F2CCD1C12CE2A00F8BE2F /* Products */ = {
			isa = PBXGroup;
			children = (
				275F2CCC1C12CE2A00F8BE2F /* GoodWeather.app */,
			);
			name = Products;
			sourceTree = "<group>";
		};
		275F2CCE1C12CE2A00F8BE2F /* GoodWeather */ = {
			isa = PBXGroup;
			children = (
				27284B361C2FDA4F00B2D2A4 /* Resources */,
				27532E531C12E38A00F10330 /* Classes */,
				275F2CD31C12CE2A00F8BE2F /* Main.storyboard */,
				275F2CD81C12CE2A00F8BE2F /* LaunchScreen.storyboard */,
				275F2CD61C12CE2A00F8BE2F /* Assets.xcassets */,
				275F2CDB1C12CE2A00F8BE2F /* Info.plist */,
			);
			path = GoodWeather;
			sourceTree = "<group>";
		};
		A63E1281B78777CE44C5144E /* Frameworks */ = {
			isa = PBXGroup;
			children = (
				C012A75D309E82CEEA1010D0 /* Pods_GoodWeather.framework */,
			);
			name = Frameworks;
			sourceTree = "<group>";
		};
		B9C6B133928B541B67D2335F /* Pods */ = {
			isa = PBXGroup;
			children = (
				2A3EFC1561E5E16F6174C314 /* Pods-GoodWeather.debug.xcconfig */,
				E126047CF6894073AB5448D0 /* Pods-GoodWeather.release.xcconfig */,
			);
			name = Pods;
			sourceTree = "<group>";
		};
/* End PBXGroup section */

/* Begin PBXNativeTarget section */
		275F2CCB1C12CE2A00F8BE2F /* GoodWeather */ = {
			isa = PBXNativeTarget;
			buildConfigurationList = 275F2CDE1C12CE2A00F8BE2F /* Build configuration list for PBXNativeTarget "GoodWeather" */;
			buildPhases = (
				B6C6866054B1E9D3DD45D13A /* Check Pods Manifest.lock */,
				275F2CC81C12CE2A00F8BE2F /* Sources */,
				275F2CC91C12CE2A00F8BE2F /* Frameworks */,
				275F2CCA1C12CE2A00F8BE2F /* Resources */,
				EA648AA8B1DBC81EF844E32D /* Embed Pods Frameworks */,
				84369048B1605E15C73B54FE /* Copy Pods Resources */,
			);
			buildRules = (
			);
			dependencies = (
			);
			name = GoodWeather;
			productName = GoodWeather;
			productReference = 275F2CCC1C12CE2A00F8BE2F /* GoodWeather.app */;
			productType = "com.apple.product-type.application";
		};
/* End PBXNativeTarget section */

/* Begin PBXProject section */
		275F2CC41C12CE2A00F8BE2F /* Project object */ = {
			isa = PBXProject;
			attributes = {
				LastSwiftUpdateCheck = 0710;
				LastUpgradeCheck = 0710;
				ORGANIZATIONNAME = "Kenichi Saito";
				TargetAttributes = {
					275F2CCB1C12CE2A00F8BE2F = {
						CreatedOnToolsVersion = 7.1.1;
					};
				};
			};
			buildConfigurationList = 275F2CC71C12CE2A00F8BE2F /* Build configuration list for PBXProject "GoodWeather" */;
			compatibilityVersion = "Xcode 3.2";
			developmentRegion = English;
			hasScannedForEncodings = 0;
			knownRegions = (
				en,
				Base,
			);
			mainGroup = 275F2CC31C12CE2A00F8BE2F;
			productRefGroup = 275F2CCD1C12CE2A00F8BE2F /* Products */;
			projectDirPath = "";
			projectRoot = "";
			targets = (
				275F2CCB1C12CE2A00F8BE2F /* GoodWeather */,
			);
		};
/* End PBXProject section */

/* Begin PBXResourcesBuildPhase section */
		275F2CCA1C12CE2A00F8BE2F /* Resources */ = {
			isa = PBXResourcesBuildPhase;
			buildActionMask = 2147483647;
			files = (
				27284B731C2FDA4F00B2D2A4 /* Icon-29@2x.png in Resources */,
				27284B691C2FDA4F00B2D2A4 /* Icon-Small-50.png in Resources */,
				275F2CDA1C12CE2A00F8BE2F /* LaunchScreen.storyboard in Resources */,
				27284B6A1C2FDA4F00B2D2A4 /* Icon-Small-50@2x.png in Resources */,
				275F2CD71C12CE2A00F8BE2F /* Assets.xcassets in Resources */,
				27284B681C2FDA4F00B2D2A4 /* Icon-72@2x.png in Resources */,
				27284B701C2FDA4F00B2D2A4 /* Contents.json in Resources */,
				27284B6C1C2FDA4F00B2D2A4 /* Icon@2x.png in Resources */,
				27284B711C2FDA4F00B2D2A4 /* Icon-24@2x.png in Resources */,
				27284B751C2FDA4F00B2D2A4 /* Icon-40@2x.png in Resources */,
				275F2CD51C12CE2A00F8BE2F /* Main.storyboard in Resources */,
				27284B761C2FDA4F00B2D2A4 /* Icon-44@2x.png in Resources */,
				27284B741C2FDA4F00B2D2A4 /* Icon-29@3x.png in Resources */,
				27284B651C2FDA4F00B2D2A4 /* Icon-Small@3x.png in Resources */,
				27284B631C2FDA4F00B2D2A4 /* Icon-Small.png in Resources */,
				27284B771C2FDA4F00B2D2A4 /* Icon-86@2x.png in Resources */,
				27284B6D1C2FDA4F00B2D2A4 /* iTunesArtwork.png in Resources */,
				27284B5C1C2FDA4F00B2D2A4 /* Icon-40@2x.png in Resources */,
				27284B5A1C2FDA4F00B2D2A4 /* Contents.json in Resources */,
				27284B781C2FDA4F00B2D2A4 /* Icon-98@2x.png in Resources */,
				27284B621C2FDA4F00B2D2A4 /* Icon-83.5@2x.png in Resources */,
				27284B611C2FDA4F00B2D2A4 /* Icon-76@2x.png in Resources */,
				27284B6B1C2FDA4F00B2D2A4 /* Icon.png in Resources */,
				27284B5D1C2FDA4F00B2D2A4 /* Icon-40@3x.png in Resources */,
				27284B661C2FDA4F00B2D2A4 /* Icon-60.png in Resources */,
				27284B5F1C2FDA4F00B2D2A4 /* Icon-60@3x.png in Resources */,
				27284B601C2FDA4F00B2D2A4 /* Icon-76.png in Resources */,
				27284B721C2FDA4F00B2D2A4 /* Icon-27.5@2x.png in Resources */,
				27284B6E1C2FDA4F00B2D2A4 /* iTunesArtwork@2x.png in Resources */,
				27284B7A1C2FDEF900B2D2A4 /* GoodWeather.png in Resources */,
				27284B5B1C2FDA4F00B2D2A4 /* Icon-40.png in Resources */,
				27284B671C2FDA4F00B2D2A4 /* Icon-72.png in Resources */,
				27284B5E1C2FDA4F00B2D2A4 /* Icon-60@2x.png in Resources */,
				27284B641C2FDA4F00B2D2A4 /* Icon-Small@2x.png in Resources */,
			);
			runOnlyForDeploymentPostprocessing = 0;
		};
/* End PBXResourcesBuildPhase section */

/* Begin PBXShellScriptBuildPhase section */
		84369048B1605E15C73B54FE /* Copy Pods Resources */ = {
			isa = PBXShellScriptBuildPhase;
			buildActionMask = 2147483647;
			files = (
			);
			inputPaths = (
			);
			name = "Copy Pods Resources";
			outputPaths = (
			);
			runOnlyForDeploymentPostprocessing = 0;
			shellPath = /bin/sh;
			shellScript = "\"${SRCROOT}/Pods/Target Support Files/Pods-GoodWeather/Pods-GoodWeather-resources.sh\"\n";
			showEnvVarsInLog = 0;
		};
		B6C6866054B1E9D3DD45D13A /* Check Pods Manifest.lock */ = {
			isa = PBXShellScriptBuildPhase;
			buildActionMask = 2147483647;
			files = (
			);
			inputPaths = (
			);
			name = "Check Pods Manifest.lock";
			outputPaths = (
			);
			runOnlyForDeploymentPostprocessing = 0;
			shellPath = /bin/sh;
			shellScript = "diff \"${PODS_ROOT}/../Podfile.lock\" \"${PODS_ROOT}/Manifest.lock\" > /dev/null\nif [[ $? != 0 ]] ; then\n    cat << EOM\nerror: The sandbox is not in sync with the Podfile.lock. Run 'pod install' or update your CocoaPods installation.\nEOM\n    exit 1\nfi\n";
			showEnvVarsInLog = 0;
		};
		EA648AA8B1DBC81EF844E32D /* Embed Pods Frameworks */ = {
			isa = PBXShellScriptBuildPhase;
			buildActionMask = 2147483647;
			files = (
			);
			inputPaths = (
			);
			name = "Embed Pods Frameworks";
			outputPaths = (
			);
			runOnlyForDeploymentPostprocessing = 0;
			shellPath = /bin/sh;
			shellScript = "\"${SRCROOT}/Pods/Target Support Files/Pods-GoodWeather/Pods-GoodWeather-frameworks.sh\"\n";
			showEnvVarsInLog = 0;
		};
/* End PBXShellScriptBuildPhase section */

/* Begin PBXSourcesBuildPhase section */
		275F2CC81C12CE2A00F8BE2F /* Sources */ = {
			isa = PBXSourcesBuildPhase;
			buildActionMask = 2147483647;
			files = (
				27D6C9CF1C19EBC80033BCC0 /* DailyWeatherTableViewCell.swift in Sources */,
				27532E5A1C12E38A00F10330 /* ViewController.swift in Sources */,
				27073E2C1C1FCED600D0F326 /* Utility.swift in Sources */,
				2750A5501C141F3800D17291 /* DailyWeather.swift in Sources */,
				27532E5F1C12E63B00F10330 /* Const.swift in Sources */,
				27532E5C1C12E3CC00F10330 /* Weather.swift in Sources */,
				278FA90B1C2C63CE005474A0 /* SettingsViewController.swift in Sources */,
				27532E611C12E6AE00F10330 /* APIClient.swift in Sources */,
				27532E591C12E38A00F10330 /* AppDelegate.swift in Sources */,
				27284B6F1C2FDA4F00B2D2A4 /* README.md in Sources */,
				2750A54E1C14177C00D17291 /* ModelManager.swift in Sources */,
			);
			runOnlyForDeploymentPostprocessing = 0;
		};
/* End PBXSourcesBuildPhase section */

/* Begin PBXVariantGroup section */
		275F2CD31C12CE2A00F8BE2F /* Main.storyboard */ = {
			isa = PBXVariantGroup;
			children = (
				275F2CD41C12CE2A00F8BE2F /* Base */,
			);
			name = Main.storyboard;
			sourceTree = "<group>";
		};
		275F2CD81C12CE2A00F8BE2F /* LaunchScreen.storyboard */ = {
			isa = PBXVariantGroup;
			children = (
				275F2CD91C12CE2A00F8BE2F /* Base */,
			);
			name = LaunchScreen.storyboard;
			sourceTree = "<group>";
		};
/* End PBXVariantGroup section */

/* Begin XCBuildConfiguration section */
		275F2CDC1C12CE2A00F8BE2F /* Debug */ = {
			isa = XCBuildConfiguration;
			buildSettings = {
				ALWAYS_SEARCH_USER_PATHS = NO;
				CLANG_CXX_LANGUAGE_STANDARD = "gnu++0x";
				CLANG_CXX_LIBRARY = "libc++";
				CLANG_ENABLE_MODULES = YES;
				CLANG_ENABLE_OBJC_ARC = YES;
				CLANG_WARN_BOOL_CONVERSION = YES;
				CLANG_WARN_CONSTANT_CONVERSION = YES;
				CLANG_WARN_DIRECT_OBJC_ISA_USAGE = YES_ERROR;
				CLANG_WARN_EMPTY_BODY = YES;
				CLANG_WARN_ENUM_CONVERSION = YES;
				CLANG_WARN_INT_CONVERSION = YES;
				CLANG_WARN_OBJC_ROOT_CLASS = YES_ERROR;
				CLANG_WARN_UNREACHABLE_CODE = YES;
				CLANG_WARN__DUPLICATE_METHOD_MATCH = YES;
				"CODE_SIGN_IDENTITY[sdk=iphoneos*]" = "iPhone Developer";
				COPY_PHASE_STRIP = NO;
				DEBUG_INFORMATION_FORMAT = dwarf;
				ENABLE_STRICT_OBJC_MSGSEND = YES;
				ENABLE_TESTABILITY = YES;
				GCC_C_LANGUAGE_STANDARD = gnu99;
				GCC_DYNAMIC_NO_PIC = NO;
				GCC_NO_COMMON_BLOCKS = YES;
				GCC_OPTIMIZATION_LEVEL = 0;
				GCC_PREPROCESSOR_DEFINITIONS = (
					"DEBUG=1",
					"$(inherited)",
				);
				GCC_WARN_64_TO_32_BIT_CONVERSION = YES;
				GCC_WARN_ABOUT_RETURN_TYPE = YES_ERROR;
				GCC_WARN_UNDECLARED_SELECTOR = YES;
				GCC_WARN_UNINITIALIZED_AUTOS = YES_AGGRESSIVE;
				GCC_WARN_UNUSED_FUNCTION = YES;
				GCC_WARN_UNUSED_VARIABLE = YES;
				IPHONEOS_DEPLOYMENT_TARGET = 9.1;
				MTL_ENABLE_DEBUG_INFO = YES;
				ONLY_ACTIVE_ARCH = YES;
				SDKROOT = iphoneos;
				SWIFT_OPTIMIZATION_LEVEL = "-Onone";
				TARGETED_DEVICE_FAMILY = "1,2";
			};
			name = Debug;
		};
		275F2CDD1C12CE2A00F8BE2F /* Release */ = {
			isa = XCBuildConfiguration;
			buildSettings = {
				ALWAYS_SEARCH_USER_PATHS = NO;
				CLANG_CXX_LANGUAGE_STANDARD = "gnu++0x";
				CLANG_CXX_LIBRARY = "libc++";
				CLANG_ENABLE_MODULES = YES;
				CLANG_ENABLE_OBJC_ARC = YES;
				CLANG_WARN_BOOL_CONVERSION = YES;
				CLANG_WARN_CONSTANT_CONVERSION = YES;
				CLANG_WARN_DIRECT_OBJC_ISA_USAGE = YES_ERROR;
				CLANG_WARN_EMPTY_BODY = YES;
				CLANG_WARN_ENUM_CONVERSION = YES;
				CLANG_WARN_INT_CONVERSION = YES;
				CLANG_WARN_OBJC_ROOT_CLASS = YES_ERROR;
				CLANG_WARN_UNREACHABLE_CODE = YES;
				CLANG_WARN__DUPLICATE_METHOD_MATCH = YES;
				"CODE_SIGN_IDENTITY[sdk=iphoneos*]" = "iPhone Developer";
				COPY_PHASE_STRIP = NO;
				DEBUG_INFORMATION_FORMAT = "dwarf-with-dsym";
				ENABLE_NS_ASSERTIONS = NO;
				ENABLE_STRICT_OBJC_MSGSEND = YES;
				GCC_C_LANGUAGE_STANDARD = gnu99;
				GCC_NO_COMMON_BLOCKS = YES;
				GCC_WARN_64_TO_32_BIT_CONVERSION = YES;
				GCC_WARN_ABOUT_RETURN_TYPE = YES_ERROR;
				GCC_WARN_UNDECLARED_SELECTOR = YES;
				GCC_WARN_UNINITIALIZED_AUTOS = YES_AGGRESSIVE;
				GCC_WARN_UNUSED_FUNCTION = YES;
				GCC_WARN_UNUSED_VARIABLE = YES;
				IPHONEOS_DEPLOYMENT_TARGET = 9.1;
				MTL_ENABLE_DEBUG_INFO = NO;
				SDKROOT = iphoneos;
				TARGETED_DEVICE_FAMILY = "1,2";
				VALIDATE_PRODUCT = YES;
			};
			name = Release;
		};
		275F2CDF1C12CE2A00F8BE2F /* Debug */ = {
			isa = XCBuildConfiguration;
			baseConfigurationReference = 2A3EFC1561E5E16F6174C314 /* Pods-GoodWeather.debug.xcconfig */;
			buildSettings = {
				ASSETCATALOG_COMPILER_APPICON_NAME = AppIcon;
				INFOPLIST_FILE = GoodWeather/Info.plist;
				LD_RUNPATH_SEARCH_PATHS = "$(inherited) @executable_path/Frameworks";
				PRODUCT_BUNDLE_IDENTIFIER = com.knchst.GoodWeather;
				PRODUCT_NAME = "$(TARGET_NAME)";
				TARGETED_DEVICE_FAMILY = 1;
			};
			name = Debug;
		};
		275F2CE01C12CE2A00F8BE2F /* Release */ = {
			isa = XCBuildConfiguration;
			baseConfigurationReference = E126047CF6894073AB5448D0 /* Pods-GoodWeather.release.xcconfig */;
			buildSettings = {
				ASSETCATALOG_COMPILER_APPICON_NAME = AppIcon;
				INFOPLIST_FILE = GoodWeather/Info.plist;
				LD_RUNPATH_SEARCH_PATHS = "$(inherited) @executable_path/Frameworks";
				PRODUCT_BUNDLE_IDENTIFIER = com.knchst.GoodWeather;
				PRODUCT_NAME = "$(TARGET_NAME)";
				TARGETED_DEVICE_FAMILY = 1;
			};
			name = Release;
		};
/* End XCBuildConfiguration section */

/* Begin XCConfigurationList section */
		275F2CC71C12CE2A00F8BE2F /* Build configuration list for PBXProject "GoodWeather" */ = {
			isa = XCConfigurationList;
			buildConfigurations = (
				275F2CDC1C12CE2A00F8BE2F /* Debug */,
				275F2CDD1C12CE2A00F8BE2F /* Release */,
			);
			defaultConfigurationIsVisible = 0;
			defaultConfigurationName = Release;
		};
		275F2CDE1C12CE2A00F8BE2F /* Build configuration list for PBXNativeTarget "GoodWeather" */ = {
			isa = XCConfigurationList;
			buildConfigurations = (
				275F2CDF1C12CE2A00F8BE2F /* Debug */,
				275F2CE01C12CE2A00F8BE2F /* Release */,
			);
			defaultConfigurationIsVisible = 0;
			defaultConfigurationName = Release;
		};
/* End XCConfigurationList section */
	};
	rootObject = 275F2CC41C12CE2A00F8BE2F /* Project object */;
}
